
Microsoft Visual Studio Solution File, Format Version 12.00
# Visual Studio 14
VisualStudioVersion = 14.0.25420.1
MinimumVisualStudioVersion = 10.0.40219.1
Project("{2150E333-8FDC-42A3-9474-1A3956D46DE8}") = "Server", "Server", "{60652EDE-951F-4BD2-9256-A3DB370974B7}"
EndProject
Project("{2150E333-8FDC-42A3-9474-1A3956D46DE8}") = "Client", "Client", "{C339A2A3-0016-4F49-BC8D-68A31EAD8C33}"
EndProject
Project("{FAE04EC0-301F-11D3-BF4B-00C04F79EFBC}") = "RealTime.Shared", "RealTime.Shared\RealTime.Shared.csproj", "{7C967F1D-52A3-469D-8A11-8ECE52E1A93A}"
EndProject
Project("{FAE04EC0-301F-11D3-BF4B-00C04F79EFBC}") = "RealTime.Droid", "RealTime.Droid\RealTime.Droid.csproj", "{6A881F62-95E3-40E2-A483-DA67DF44887F}"
EndProject
Project("{FAE04EC0-301F-11D3-BF4B-00C04F79EFBC}") = "RealTime.Web", "RealTime.Web\RealTime.Web.csproj", "{C1C213D9-8A77-4BD5-AA5D-02A355073437}"
EndProject
Global
	GlobalSection(SolutionConfigurationPlatforms) = preSolution
		Debug|Any CPU = Debug|Any CPU
		Release|Any CPU = Release|Any CPU
	EndGlobalSection
	GlobalSection(ProjectConfigurationPlatforms) = postSolution
		{7C967F1D-52A3-469D-8A11-8ECE52E1A93A}.Debug|Any CPU.ActiveCfg = Debug|Any CPU
		{7C967F1D-52A3-469D-8A11-8ECE52E1A93A}.Debug|Any CPU.Build.0 = Debug|Any CPU
		{7C967F1D-52A3-469D-8A11-8ECE52E1A93A}.Release|Any CPU.ActiveCfg = Release|Any CPU
		{7C967F1D-52A3-469D-8A11-8ECE52E1A93A}.Release|Any CPU.Build.0 = Release|Any CPU
		{6A881F62-95E3-40E2-A483-DA67DF44887F}.Debug|Any CPU.ActiveCfg = Debug|Any CPU
		{6A881F62-95E3-40E2-A483-DA67DF44887F}.Debug|Any CPU.Build.0 = Debug|Any CPU
		{6A881F62-95E3-40E2-A483-DA67DF44887F}.Debug|Any CPU.Deploy.0 = Debug|Any CPU
		{6A881F62-95E3-40E2-A483-DA67DF44887F}.Release|Any CPU.ActiveCfg = Release|Any CPU
		{6A881F62-95E3-40E2-A483-DA67DF44887F}.Release|Any CPU.Build.0 = Release|Any CPU
		{6A881F62-95E3-40E2-A483-DA67DF44887F}.Release|Any CPU.Deploy.0 = Release|Any CPU
		{C1C213D9-8A77-4BD5-AA5D-02A355073437}.Debug|Any CPU.ActiveCfg = Debug|Any CPU
		{C1C213D9-8A77-4BD5-AA5D-02A355073437}.Debug|Any CPU.Build.0 = Debug|Any CPU
		{C1C213D9-8A77-4BD5-AA5D-02A355073437}.Release|Any CPU.ActiveCfg = Release|Any CPU
		{C1C213D9-8A77-4BD5-AA5D-02A355073437}.Release|Any CPU.Build.0 = Release|Any CPU
	EndGlobalSection
	GlobalSection(SolutionProperties) = preSolution
		HideSolutionNode = FALSE
	EndGlobalSection
	GlobalSection(NestedProjects) = preSolution
		{7C967F1D-52A3-469D-8A11-8ECE52E1A93A} = {C339A2A3-0016-4F49-BC8D-68A31EAD8C33}
		{6A881F62-95E3-40E2-A483-DA67DF44887F} = {C339A2A3-0016-4F49-BC8D-68A31EAD8C33}
		{C1C213D9-8A77-4BD5-AA5D-02A355073437} = {60652EDE-951F-4BD2-9256-A3DB370974B7}
	EndGlobalSection
EndGlobal
